Microsoft Visual Studio Solution File, Format Version 12.00
# Visual Studio Version 17
VisualStudioVersion = 17.1.32319.34
MinimumVisualStudioVersion = 10.0.40219.1
Project("{FAE04EC0-301F-11D3-BF4B-00C04F79EFBC}") = "HeistProject", "HeistProject.csproj", "{6667F048-E5B4-405E-AF8B-FD6D56B8F933}"
EndProject
Global
	GlobalSection(SolutionConfigurationPlatforms) = preSolution
		Debug|Any CPU = Debug|Any CPU
		Debug|x64 = Debug|x64
		Release|Any CPU = Release|Any CPU
		Release|x64 = Release|x64
	EndGlobalSection
	GlobalSection(ProjectConfigurationPlatforms) = postSolution
		{6667F048-E5B4-405E-AF8B-FD6D56B8F933}.Debug|Any CPU.ActiveCfg = Debug|Any CPU
		{6667F048-E5B4-405E-AF8B-FD6D56B8F933}.Debug|Any CPU.Build.0 = Debug|Any CPU
		{6667F048-E5B4-405E-AF8B-FD6D56B8F933}.Debug|x64.ActiveCfg = Debug|x64
		{6667F048-E5B4-405E-AF8B-FD6D56B8F933}.Debug|x64.Build.0 = Debug|x64
		{6667F048-E5B4-405E-AF8B-FD6D56B8F933}.Release|Any CPU.ActiveCfg = Release|Any CPU
		{6667F048-E5B4-405E-AF8B-FD6D56B8F933}.Release|Any CPU.Build.0 = Release|Any CPU
		{6667F048-E5B4-405E-AF8B-FD6D56B8F933}.Release|x64.ActiveCfg = Release|x64
		{6667F048-E5B4-405E-AF8B-FD6D56B8F933}.Release|x64.Build.0 = Release|x64
	EndGlobalSection
	GlobalSection(SolutionProperties) = preSolution
		HideSolutionNode = FALSE
	EndGlobalSection
	GlobalSection(ExtensibilityGlobals) = postSolution
		SolutionGuid = {AED6A1BF-4AEC-4B0B-8627-6D61C29C1990}
	EndGlobalSection
EndGlobal
